
Microsoft Visual Studio Solution File, Format Version 12.00
Project("{FAE04EC0-301F-11D3-BF4B-00C04F79EFBC}") = "WeatherTestApp", "WeatherTestApp\WeatherTestApp.csproj", "{91457A9D-D295-4103-B16F-CAF5A3FA711C}"
EndProject
Global
	GlobalSection(SolutionConfigurationPlatforms) = preSolution
		Debug|Any CPU = Debug|Any CPU
		Release|Any CPU = Release|Any CPU
	EndGlobalSection
	GlobalSection(ProjectConfigurationPlatforms) = postSolution
		{91457A9D-D295-4103-B16F-CAF5A3FA711C}.Debug|Any CPU.ActiveCfg = Debug|Any CPU
		{91457A9D-D295-4103-B16F-CAF5A3FA711C}.Debug|Any CPU.Build.0 = Debug|Any CPU
		{91457A9D-D295-4103-B16F-CAF5A3FA711C}.Release|Any CPU.ActiveCfg = Release|Any CPU
		{91457A9D-D295-4103-B16F-CAF5A3FA711C}.Release|Any CPU.Build.0 = Release|Any CPU
	EndGlobalSection
EndGlobal
